# Generated by conda-lock.
# platform: osx-arm64
# input_hash: 7f61d21e1814a2084e0e6058e118f0dfb60a8c643bbcad6ba614e6875a3047ae
@EXPLICIT
https://conda.anaconda.org/conda-forge/osx-arm64/bzip2-1.0.8-h3422bc3_4.tar.bz2#fc76ace7b94fb1f694988ab1b14dd248
https://conda.anaconda.org/conda-forge/osx-arm64/ca-certificates-2021.10.8-h4653dfc_0.tar.bz2#d68f418ab2f7a46948ccb4053636f913
https://conda.anaconda.org/conda-forge/osx-arm64/fribidi-1.0.10-h27ca646_0.tar.bz2#c64443234ff91d70cb9c7dc926c58834
https://conda.anaconda.org/conda-forge/osx-arm64/giflib-5.2.1-h27ca646_2.tar.bz2#fcfaa10e989b15ef30f93b6329c35add
https://conda.anaconda.org/conda-forge/osx-arm64/jbig-2.1-h3422bc3_2003.tar.bz2#38e4745944cf5b4598ad7f1cfed5430d
https://conda.anaconda.org/conda-forge/osx-arm64/jpeg-9e-h3422bc3_0.tar.bz2#846d85b58bfb5fd25b82fc9fe09b0f83
https://conda.anaconda.org/conda-forge/osx-arm64/libbrotlicommon-1.0.9-h3422bc3_6.tar.bz2#b3eda06c8994f20d829fbe89ccc4b0b1
https://conda.anaconda.org/conda-forge/osx-arm64/libcxx-12.0.1-h168391b_1.tar.bz2#ff81bd5236632ba2e0100ce806144aa8
https://conda.anaconda.org/conda-forge/osx-arm64/libdeflate-1.8-h3422bc3_0.tar.bz2#7f395c003efdba93c2acaca381de3bfb
https://conda.anaconda.org/conda-forge/osx-arm64/libffi-3.4.2-h3422bc3_5.tar.bz2#086914b672be056eb70fd4285b6783b6
https://conda.anaconda.org/conda-forge/osx-arm64/libsodium-1.0.18-h27ca646_1.tar.bz2#90859688dbca4735b74c02af14c4c793
https://conda.anaconda.org/conda-forge/osx-arm64/libuv-1.43.0-h3422bc3_0.tar.bz2#ca811b4a50a253ab521e0d0010e7763f
https://conda.anaconda.org/conda-forge/osx-arm64/libwebp-base-1.2.2-h3422bc3_1.tar.bz2#f8a72108f792b997fc354c16ef0492e1
https://conda.anaconda.org/conda-forge/osx-arm64/libzlib-1.2.11-hee7b306_1013.tar.bz2#fe3c74ef0fe456a4011468f860b0c3dc
https://conda.anaconda.org/conda-forge/osx-arm64/llvm-openmp-12.0.1-hf3c4609_1.tar.bz2#99d8ad7f938fc5b730ec1c610851f1ba
https://conda.anaconda.org/conda-forge/osx-arm64/ncurses-6.3-hc470f4d_0.tar.bz2#6b5b4e8e22d02a9f30fc4c703d2a69f6
https://conda.anaconda.org/conda-forge/osx-arm64/pthread-stubs-0.4-h27ca646_1001.tar.bz2#d3f26c6494d4105d4ecb85203d687102
https://conda.anaconda.org/conda-forge/noarch/tzdata-2021e-he74cb21_0.tar.bz2#a751ec502589ebdc2eceb183ff602569
https://conda.anaconda.org/conda-forge/osx-arm64/xorg-libxau-1.0.9-h27ca646_0.tar.bz2#e2fa1f5a28cf0ce02516baf910be132e
https://conda.anaconda.org/conda-forge/osx-arm64/xorg-libxdmcp-1.1.3-h27ca646_0.tar.bz2#6738b13f7fadc18725965abdd4129c36
https://conda.anaconda.org/conda-forge/osx-arm64/xz-5.2.5-h642e427_1.tar.bz2#9ab2316785cb81c464ab9a99512dae71
https://conda.anaconda.org/conda-forge/osx-arm64/yaml-0.2.5-h3422bc3_2.tar.bz2#4bb3f014845110883a3c5ee811fd84b4
https://conda.anaconda.org/conda-forge/osx-arm64/icu-69.1-hbdafb3b_0.tar.bz2#09aa1288507a285c7161732adbf2eb2b
https://conda.anaconda.org/conda-forge/osx-arm64/lerc-3.0-hbdafb3b_0.tar.bz2#8f210e26ca368c3d2b418f213b903aef
https://conda.anaconda.org/conda-forge/osx-arm64/libbrotlidec-1.0.9-h3422bc3_6.tar.bz2#5ee99175123dcd24b3857bf467f1044f
https://conda.anaconda.org/conda-forge/osx-arm64/libbrotlienc-1.0.9-h3422bc3_6.tar.bz2#be28e048477fc17a4b59a66f4f4418a7
https://conda.anaconda.org/conda-forge/osx-arm64/libgfortran5-11.0.1.dev0-hf114ba7_23.tar.bz2#402c05211a9c339c71a1e82ac8b7ad81
https://conda.anaconda.org/conda-forge/osx-arm64/libxcb-1.13-h9b22ae9_1004.tar.bz2#6b3457a192f8091cb413962f65740ac4
https://conda.anaconda.org/conda-forge/osx-arm64/lz4-c-1.9.3-hbdafb3b_1.tar.bz2#074b9beb2e563515c0dd46229b18d521
https://conda.anaconda.org/conda-forge/osx-arm64/ninja-1.10.2-hc021e02_1.tar.bz2#369f8171f135f2c3870e8f6727126c31
https://conda.anaconda.org/conda-forge/osx-arm64/openssl-1.1.1l-h3422bc3_0.tar.bz2#0b3c59333ff2693e8de50b6f679bd3cd
https://conda.anaconda.org/conda-forge/osx-arm64/readline-8.1-hedafd6a_0.tar.bz2#3ab98d5fd433cd392a1b0781391a9e38
https://conda.anaconda.org/conda-forge/osx-arm64/sleef-3.5.1-h156473d_2.tar.bz2#bd159e7f04dbf79b06ed2bd37e112458
https://conda.anaconda.org/conda-forge/osx-arm64/zeromq-4.3.4-hbdafb3b_1.tar.bz2#49132c08da6545dc68351ff8b659ac8e
https://conda.anaconda.org/conda-forge/osx-arm64/zlib-1.2.11-hee7b306_1013.tar.bz2#0b65c3db409dd06257dd879605eddb45
https://conda.anaconda.org/conda-forge/osx-arm64/brotli-bin-1.0.9-h3422bc3_6.tar.bz2#5138af369d34b54bab0bc3bb3ff70d4e
https://conda.anaconda.org/conda-forge/osx-arm64/libgfortran-5.0.0.dev0-11_0_1_hf114ba7_23.tar.bz2#75f6bd23c894fbb8d353c75edb7041d6
https://conda.anaconda.org/conda-forge/osx-arm64/libpng-1.6.37-hf7e6567_2.tar.bz2#1c5087c1f23ba00c342cfb725f69a57c
https://conda.anaconda.org/conda-forge/osx-arm64/libprotobuf-3.19.4-hccf11d3_0.tar.bz2#a89d03f004d294a1d8644189009b7e77
https://conda.anaconda.org/conda-forge/osx-arm64/nodejs-17.4.0-habd0e26_0.tar.bz2#ec3659cb31fb5c99a2ac4e2b0f217bc9
https://conda.anaconda.org/conda-forge/osx-arm64/sqlite-3.37.0-h72a2b83_0.tar.bz2#f74a80bbaeb1ba21140af97042e9192c
https://conda.anaconda.org/conda-forge/osx-arm64/tk-8.6.11-he1e0b03_1.tar.bz2#dd4c783060a6825a6e73a073c650be16
https://conda.anaconda.org/conda-forge/osx-arm64/zstd-1.5.2-h861e0a7_0.tar.bz2#1ecb5634b253f1849feefe7227824e3f
https://conda.anaconda.org/conda-forge/osx-arm64/brotli-1.0.9-h3422bc3_6.tar.bz2#7caa5234739c9b0aed75bb868ac58ce5
https://conda.anaconda.org/conda-forge/osx-arm64/freetype-2.10.4-h17b34a0_1.tar.bz2#c34e8d42b8dcb72cad14b45a4132e9c7
https://conda.anaconda.org/conda-forge/osx-arm64/libopenblas-0.3.18-openmp_h5dd58f0_0.tar.bz2#8860a24cd05b691ea33f8c85f9981d4b
https://conda.anaconda.org/conda-forge/osx-arm64/libtiff-4.3.0-h74060c4_2.tar.bz2#80686c6a442d21c98617ebd2eef9d329
https://conda.anaconda.org/conda-forge/osx-arm64/python-3.9.10-hd16f9c5_2_cpython.tar.bz2#bc3b42bea9ad6a7d230bfe9fe915786e
https://conda.anaconda.org/conda-forge/noarch/attrs-21.4.0-pyhd8ed1ab_0.tar.bz2#f70280205d7044c8b8358c8de3190e5d
https://conda.anaconda.org/conda-forge/noarch/backcall-0.2.0-pyh9f0ad1d_0.tar.bz2#6006a6d08a3fa99268a2681c7fb55213
https://conda.anaconda.org/conda-forge/noarch/backports-1.0-py_2.tar.bz2#0da16b293affa6ac31812376f8eb79dd
https://conda.anaconda.org/conda-forge/noarch/cfgv-3.3.1-pyhd8ed1ab_0.tar.bz2#ebb5f5f7dc4f1a3780ef7ea7738db08c
https://conda.anaconda.org/conda-forge/noarch/charset-normalizer-2.0.11-pyhd8ed1ab_0.tar.bz2#e51530e33440ea8044edb0076cb40a0f
https://conda.anaconda.org/conda-forge/noarch/colorama-0.4.4-pyh9f0ad1d_0.tar.bz2#c08b4c1326b880ed44f3ffb04803332f
https://conda.anaconda.org/conda-forge/noarch/cycler-0.11.0-pyhd8ed1ab_0.tar.bz2#a50559fad0affdbb33729a68669ca1cb
https://conda.anaconda.org/conda-forge/noarch/dataclasses-0.8-pyhc8e2a94_3.tar.bz2#a362b2124b06aad102e2ee4581acee7d
https://conda.anaconda.org/conda-forge/noarch/decorator-5.1.1-pyhd8ed1ab_0.tar.bz2#43afe5ab04e35e17ba28649471dd7364
https://conda.anaconda.org/conda-forge/noarch/defusedxml-0.7.1-pyhd8ed1ab_0.tar.bz2#961b3a227b437d82ad7054484cfa71b2
https://conda.anaconda.org/conda-forge/noarch/distlib-0.3.4-pyhd8ed1ab_0.tar.bz2#7b50d840543d9cdae100e91582c33035
https://conda.anaconda.org/conda-forge/noarch/entrypoints-0.4-pyhd8ed1ab_0.tar.bz2#3cf04868fee0a029769bd41f4b2fbf2d
https://conda.anaconda.org/conda-forge/noarch/execnet-1.9.0-pyhd8ed1ab_0.tar.bz2#0e521f7a5e60d508b121d38b04874fb2
https://conda.anaconda.org/conda-forge/noarch/executing-0.8.2-pyhd8ed1ab_0.tar.bz2#dcd884e2cf5bcdccdf78f7db35999d62
https://conda.anaconda.org/conda-forge/noarch/filelock-3.4.2-pyhd8ed1ab_1.tar.bz2#d3f5797d3f9625c64860c93fc4359e64
https://conda.anaconda.org/conda-forge/noarch/flit-core-3.6.0-pyhd8ed1ab_0.tar.bz2#f8c17f22a3ce533876c468157ff8ff8f
https://conda.anaconda.org/conda-forge/noarch/idna-3.3-pyhd8ed1ab_0.tar.bz2#40b50b8b030f5f2f22085c062ed013dd
https://conda.anaconda.org/conda-forge/noarch/iniconfig-1.1.1-pyh9f0ad1d_0.tar.bz2#39161f81cc5e5ca45b8226fbb06c6905
https://conda.anaconda.org/conda-forge/noarch/ipython_genutils-0.2.0-py_1.tar.bz2#5071c982548b3a20caf70462f04f5287
https://conda.anaconda.org/conda-forge/noarch/json5-0.9.5-pyh9f0ad1d_0.tar.bz2#10759827a94e6b14996e81fb002c0bda
https://conda.anaconda.org/conda-forge/noarch/jupyterlab_widgets-1.0.2-pyhd8ed1ab_0.tar.bz2#eaff56fe28d1236076aa3bb13c35b434
https://conda.anaconda.org/conda-forge/osx-arm64/lcms2-2.12-had6a04f_0.tar.bz2#e66c48b683085eaa6627cc61ba76c1e2
https://conda.anaconda.org/conda-forge/osx-arm64/libblas-3.9.0-13_osxarm64_openblas.tar.bz2#cfe4c943d79f32e927f859de87fb03f1
https://conda.anaconda.org/conda-forge/osx-arm64/libwebp-1.2.2-h0d20362_0.tar.bz2#cb075e1a75ed216a438bdea6b1c787c4
https://conda.anaconda.org/conda-forge/noarch/munkres-1.1.4-pyh9f0ad1d_0.tar.bz2#2ba8498c1018c1e9c61eb99b973dfe19
https://conda.anaconda.org/conda-forge/noarch/nest-asyncio-1.5.4-pyhd8ed1ab_0.tar.bz2#0d86e4e6ac78912f3f47e0453b124aca
https://conda.anaconda.org/conda-forge/osx-arm64/openjpeg-2.4.0-h062765e_1.tar.bz2#02ec6e9debe1bf6488ac302592d067fc
https://conda.anaconda.org/conda-forge/noarch/pandocfilters-1.5.0-pyhd8ed1ab_0.tar.bz2#457c2c8c08e54905d6954e79cb5b5db9
https://conda.anaconda.org/conda-forge/noarch/parso-0.8.3-pyhd8ed1ab_0.tar.bz2#17a565a0c3899244e938cdf417e7b094
https://conda.anaconda.org/conda-forge/noarch/pathspec-0.9.0-pyhd8ed1ab_0.tar.bz2#f93dc0ccbc0a8472624165f6e256c7d1
https://conda.anaconda.org/conda-forge/noarch/pickleshare-0.7.5-py_1003.tar.bz2#415f0ebb6198cc2801c73438a9fb5761
https://conda.anaconda.org/conda-forge/noarch/platformdirs-2.3.0-pyhd8ed1ab_0.tar.bz2#7bc119135be2a43e1701432399d8c28a
https://conda.anaconda.org/conda-forge/noarch/prometheus_client-0.13.1-pyhd8ed1ab_0.tar.bz2#9259acd5dd8746e7721474fa62e046d7
https://conda.anaconda.org/conda-forge/noarch/ptyprocess-0.7.0-pyhd3deb0d_0.tar.bz2#359eeb6536da0e687af562ed265ec263
https://conda.anaconda.org/conda-forge/noarch/pure_eval-0.2.2-pyhd8ed1ab_0.tar.bz2#6784285c7e55cb7212efabc79e4c2883
https://conda.anaconda.org/conda-forge/noarch/py-1.11.0-pyh6c4a22f_0.tar.bz2#b4613d7e7a493916d867842a6a148054
https://conda.anaconda.org/conda-forge/noarch/py-cpuinfo-8.0.0-pyhd8ed1ab_0.tar.bz2#37a9a8874b2e62987f8dc2434688f3cf
https://conda.anaconda.org/conda-forge/noarch/pycparser-2.21-pyhd8ed1ab_0.tar.bz2#076becd9e05608f8dc72757d5f3a91ff
https://conda.anaconda.org/conda-forge/noarch/pyparsing-3.0.7-pyhd8ed1ab_0.tar.bz2#727e2216d9c47455d8ddc060eb2caad9
https://conda.anaconda.org/conda-forge/osx-arm64/python_abi-3.9-2_cp39.tar.bz2#ba3082b5441b482d5cfe328d4e7ba0bf
https://conda.anaconda.org/conda-forge/noarch/pytz-2021.3-pyhd8ed1ab_0.tar.bz2#7e4f811bff46a5a6a7e0094921389395
https://conda.anaconda.org/conda-forge/noarch/send2trash-1.8.0-pyhd8ed1ab_0.tar.bz2#edab14119efe85c3bf131ad747e9005c
https://conda.anaconda.org/conda-forge/noarch/six-1.16.0-pyh6c4a22f_0.tar.bz2#e5f25f8dbc060e9a8d912e432202afc2
https://conda.anaconda.org/conda-forge/noarch/testpath-0.5.0-pyhd8ed1ab_0.tar.bz2#53b57d6a468bebc7cef1253b177a5e9e
https://conda.anaconda.org/conda-forge/noarch/threadpoolctl-3.1.0-pyh8a188c0_0.tar.bz2#a2995ee828f65687ac5b1e71a2ab1e0c
https://conda.anaconda.org/conda-forge/noarch/toml-0.10.2-pyhd8ed1ab_0.tar.bz2#f832c45a477c78bebd107098db465095
https://conda.anaconda.org/conda-forge/noarch/tomli-2.0.0-pyhd8ed1ab_1.tar.bz2#9b49de2db8b4a4a48c424629694fbd37
https://conda.anaconda.org/conda-forge/noarch/traitlets-5.1.1-pyhd8ed1ab_0.tar.bz2#a1bc9765ef9499760e88f568b3a6622c
https://conda.anaconda.org/conda-forge/noarch/typing_extensions-4.0.1-pyha770c72_0.tar.bz2#1fc03816925d3cb7fdab9ab234e7fea7
https://conda.anaconda.org/conda-forge/noarch/webencodings-0.5.1-py_1.tar.bz2#3563be4c5611a44210d9ba0c16113136
https://conda.anaconda.org/conda-forge/noarch/websocket-client-1.2.3-pyhd8ed1ab_0.tar.bz2#a9e89668df0da0f33c8c4ddf7c118f6d
https://conda.anaconda.org/conda-forge/noarch/wheel-0.37.1-pyhd8ed1ab_0.tar.bz2#1ca02aaf78d9c70d9a81a3bed5752022
https://conda.anaconda.org/conda-forge/noarch/zipp-3.7.0-pyhd8ed1ab_1.tar.bz2#b689b2cbc8481b224777415e1a193170
https://conda.anaconda.org/conda-forge/osx-arm64/appnope-0.1.2-py39h2804cbe_2.tar.bz2#7fb8a37f9e9afaad0210974e1452f84a
https://conda.anaconda.org/conda-forge/noarch/asttokens-2.0.5-pyhd8ed1ab_0.tar.bz2#74badce16f060701fee55c39332f5253
https://conda.anaconda.org/conda-forge/noarch/babel-2.9.1-pyh44b312d_0.tar.bz2#74136ed39bfea0832d338df1e58d013e
https://conda.anaconda.org/conda-forge/osx-arm64/certifi-2021.10.8-py39h2804cbe_1.tar.bz2#fb53ec8c7ae669a5388856ffe7c12a00
https://conda.anaconda.org/conda-forge/osx-arm64/cffi-1.15.0-py39h52b1de0_0.tar.bz2#3333a407ad0bb89fb85954579c76b88f
https://conda.anaconda.org/conda-forge/osx-arm64/click-8.0.3-py39h2804cbe_1.tar.bz2#c93dea6aea0578644c3c1ddb4eb4b301
https://conda.anaconda.org/conda-forge/osx-arm64/coverage-6.3.1-py39h5161555_0.tar.bz2#74ed96048a437dd1aa8ece0fead1f0d7
https://conda.anaconda.org/conda-forge/osx-arm64/debugpy-1.5.1-py39hfb83b0d_0.tar.bz2#0f4bd3b0360c879e0041c148c4b73ff4
https://conda.anaconda.org/conda-forge/osx-arm64/future-0.18.2-py39h2804cbe_4.tar.bz2#153aaad703752be5495a9b3f813a3c6d
https://conda.anaconda.org/conda-forge/osx-arm64/importlib-metadata-4.10.1-py39h2804cbe_0.tar.bz2#2044a6a95bc68c2ba31cf6300071acc1
https://conda.anaconda.org/conda-forge/noarch/importlib_resources-5.4.0-pyhd8ed1ab_0.tar.bz2#9fb134dbabe7851a9d71411064b2c30d
https://conda.anaconda.org/conda-forge/osx-arm64/jedi-0.18.1-py39h2804cbe_0.tar.bz2#309f836d2f872ef10fb5b00ea1ac38df
https://conda.anaconda.org/conda-forge/osx-arm64/jupyter_core-4.9.1-py39h2804cbe_1.tar.bz2#d8a602ebb7cbd138329b571030ebac66
https://conda.anaconda.org/conda-forge/osx-arm64/kiwisolver-1.3.2-py39h4d2d688_1.tar.bz2#933758a610c98934d2a151a3bef3db94
https://conda.anaconda.org/conda-forge/osx-arm64/libcblas-3.9.0-13_osxarm64_openblas.tar.bz2#edf690edcb07d6a02fc12c9f31c2dd94
https://conda.anaconda.org/conda-forge/osx-arm64/liblapack-3.9.0-13_osxarm64_openblas.tar.bz2#a362cd24e842692a7fcacee3788f4af9
https://conda.anaconda.org/conda-forge/osx-arm64/markupsafe-2.0.1-py39h5161555_1.tar.bz2#642cd8c6ba280d98970202262ff9c78d
https://conda.anaconda.org/conda-forge/noarch/matplotlib-inline-0.1.3-pyhd8ed1ab_0.tar.bz2#be3bfd435802d2c768c6b2439f325f3d
https://conda.anaconda.org/conda-forge/osx-arm64/mistune-0.8.4-py39h5161555_1005.tar.bz2#0d1f10ddcf4b422eabba7d63dc53c511
https://conda.anaconda.org/conda-forge/osx-arm64/mypy_extensions-0.4.3-py39h2804cbe_4.tar.bz2#1383f8ea3f8ecba34c0198d6513862cf
https://conda.anaconda.org/conda-forge/noarch/packaging-21.3-pyhd8ed1ab_0.tar.bz2#71f1ab2de48613876becddd496371c85
https://conda.anaconda.org/conda-forge/noarch/pexpect-4.8.0-pyh9f0ad1d_2.tar.bz2#5909e7b978141dd80d28dbf9de627827
https://conda.anaconda.org/conda-forge/osx-arm64/pillow-9.0.1-py39hcb29f89_0.tar.bz2#1fe094f452c924396a3e3553734102b4
https://conda.anaconda.org/conda-forge/osx-arm64/pluggy-1.0.0-py39h2804cbe_2.tar.bz2#636c947ba07c1582065f01453b6e4fef
https://conda.anaconda.org/conda-forge/osx-arm64/pyrsistent-0.18.1-py39h5161555_0.tar.bz2#a5e5904e50a08f1998822175b53943ef
https://conda.anaconda.org/conda-forge/osx-arm64/pysocks-1.7.1-py39h2804cbe_4.tar.bz2#770a25ef670b5154e54c854f561d667d
https://conda.anaconda.org/conda-forge/noarch/python-dateutil-2.8.2-pyhd8ed1ab_0.tar.bz2#dd999d1cc9f79e67dbb855c8924c7984
https://conda.anaconda.org/conda-forge/osx-arm64/pyyaml-6.0-py39h5161555_3.tar.bz2#1169532ea0b9456d7ac8171807486614
https://conda.anaconda.org/conda-forge/osx-arm64/pyzmq-22.3.0-py39h02c6a76_1.tar.bz2#8043c857734c4adef5a27ef8ab0ef8e8
https://conda.anaconda.org/conda-forge/osx-arm64/setuptools-60.7.1-py39h2804cbe_0.tar.bz2#265bf315bc5915960755c802b9b569df
https://conda.anaconda.org/conda-forge/osx-arm64/sniffio-1.2.0-py39h2804cbe_2.tar.bz2#d538e35bfb961bc801d5f1717c99f6e1
https://conda.anaconda.org/conda-forge/osx-arm64/tornado-6.1-py39h5161555_2.tar.bz2#fffd4f597cb7b7cf8b7ff38ce3057635
https://conda.anaconda.org/conda-forge/noarch/tqdm-4.62.3-pyhd8ed1ab_0.tar.bz2#24ed42db084efd6e615babec03c2b460
https://conda.anaconda.org/conda-forge/osx-arm64/typed-ast-1.5.2-py39h5161555_0.tar.bz2#348e164171a5f85c70ade5d5afebbae4
https://conda.anaconda.org/conda-forge/osx-arm64/unicodedata2-14.0.0-py39h5161555_0.tar.bz2#7e61f5c040e6e94b4ed587584942719e
https://conda.anaconda.org/conda-forge/osx-arm64/virtualenv-20.13.0-py39h2804cbe_0.tar.bz2#0c374f74a1e267e5c801a229733e839f
https://conda.anaconda.org/conda-forge/osx-arm64/anyio-3.5.0-py39h2804cbe_0.tar.bz2#9f2840c384ff89c5ff11badb0c112f93
https://conda.anaconda.org/conda-forge/osx-arm64/argon2-cffi-bindings-21.2.0-py39h5161555_1.tar.bz2#83325e7316072fdc33f85ba31a2bcdfc
https://conda.anaconda.org/conda-forge/noarch/backports.functools_lru_cache-1.6.4-pyhd8ed1ab_0.tar.bz2#c5b3edc62d6309088f4970b3eaaa65a6
https://conda.anaconda.org/conda-forge/noarch/black-22.1.0-pyhd8ed1ab_0.tar.bz2#fbc4b306c6ba24c244ffb22a910424da
https://conda.anaconda.org/conda-forge/noarch/bleach-4.1.0-pyhd8ed1ab_0.tar.bz2#4a2104c7b22c222bd0fe03aaef12862c
https://conda.anaconda.org/conda-forge/osx-arm64/brotlipy-0.7.0-py39h5161555_1003.tar.bz2#851dacb18129066f316a417ffc236748
https://conda.anaconda.org/conda-forge/osx-arm64/cryptography-36.0.1-py39hfb8cd70_0.tar.bz2#95d6a9b811c3876e6e5a78c4dbe5cc4e
https://conda.anaconda.org/conda-forge/osx-arm64/fonttools-4.29.1-py39h5161555_0.tar.bz2#28d6dc52e04d6e53fc75da47219ebf53
https://conda.anaconda.org/conda-forge/noarch/isort-5.10.1-pyhd8ed1ab_0.tar.bz2#83df9ffefe1cc01d9e60405bf871bfdb
https://conda.anaconda.org/conda-forge/noarch/jinja2-3.0.3-pyhd8ed1ab_0.tar.bz2#036d872c653780cb26e797e2e2f61b4c
https://conda.anaconda.org/conda-forge/noarch/joblib-1.1.0-pyhd8ed1ab_0.tar.bz2#07d1b5c8cde14d95998fd4767e1e62d2
https://conda.anaconda.org/conda-forge/noarch/jsonschema-4.4.0-pyhd8ed1ab_0.tar.bz2#17ec41acce882e5db4efdcc4c01ca7e0
https://conda.anaconda.org/conda-forge/noarch/jupyter_client-7.1.2-pyhd8ed1ab_0.tar.bz2#9a332b6f8f05629435ce59032df8cfa9
https://conda.anaconda.org/conda-forge/noarch/nodeenv-1.6.0-pyhd8ed1ab_0.tar.bz2#0941325bf48969e2b3b19d0951740950
https://conda.anaconda.org/conda-forge/osx-arm64/numpy-1.22.2-py39h61a45d2_0.tar.bz2#4aa1a915c27a80a9252f9646f39c5b1a
https://conda.anaconda.org/conda-forge/noarch/pip-22.0.3-pyhd8ed1ab_0.tar.bz2#45dedae69a0ea21cb8566d04b2ca5536
https://conda.anaconda.org/conda-forge/noarch/pygments-2.11.2-pyhd8ed1ab_0.tar.bz2#caef60540e2239e27bf62569a5015e3b
https://conda.anaconda.org/conda-forge/osx-arm64/pytest-7.0.0-py39h2804cbe_0.tar.bz2#9dbe153fd35ec0038907e5132ccc8ad5
https://conda.anaconda.org/conda-forge/noarch/stack_data-0.1.4-pyhd8ed1ab_0.tar.bz2#e68dcab1b415c3c44be2a51d7d41e921
https://conda.anaconda.org/conda-forge/osx-arm64/terminado-0.13.1-py39h2804cbe_0.tar.bz2#6c09c771f1f139dd8fcaf148bb21e734
https://conda.anaconda.org/conda-forge/osx-arm64/ukkonen-1.0.1-py39h4d2d688_1.tar.bz2#85f0f8bef9377a87a93b7683b71db7bb
https://conda.anaconda.org/conda-forge/noarch/argon2-cffi-21.3.0-pyhd8ed1ab_0.tar.bz2#a0b402db58f73aaab8ee0ca1025a362e
https://conda.anaconda.org/conda-forge/noarch/identify-2.4.8-pyhd8ed1ab_0.tar.bz2#d4d25c0b7c1a7a1b0442e061fdd49260
https://conda.anaconda.org/conda-forge/noarch/jupyterlab_pygments-0.1.2-pyh9f0ad1d_0.tar.bz2#2cbd910890bb328e8959246a1e16fac7
https://conda.anaconda.org/conda-forge/osx-arm64/matplotlib-base-3.5.1-py39h5aa4fe7_0.tar.bz2#4cf3e5c77e2f436b56ca75b05157c95a
https://conda.anaconda.org/conda-forge/noarch/nbformat-5.1.3-pyhd8ed1ab_0.tar.bz2#bafa5df6d4f8db69a4d197b4657127e7
https://conda.anaconda.org/conda-forge/osx-arm64/pandas-1.4.0-py39h7f752ed_0.tar.bz2#3e69493bb346f21a35ae9ed025bd1067
https://conda.anaconda.org/conda-forge/noarch/pyopenssl-22.0.0-pyhd8ed1ab_0.tar.bz2#1d7e241dfaf5475e893d4b824bb71b44
https://conda.anaconda.org/conda-forge/noarch/pytest-benchmark-3.4.1-pyhd8ed1ab_0.tar.bz2#b43432959097d928368777783a113eaa
https://conda.anaconda.org/conda-forge/noarch/pytest-cov-3.0.0-pyhd8ed1ab_0.tar.bz2#0f7cac11bb696b62d378bde725bfc3eb
https://conda.anaconda.org/conda-forge/noarch/pytest-forked-1.4.0-pyhd8ed1ab_0.tar.bz2#95286e05a617de9ebfe3246cecbfb72f
https://conda.anaconda.org/conda-forge/noarch/pytest-repeat-0.8.0-py_0.tar.bz2#772c51cb81e6b1fe4d1e282e6eae6a95
https://conda.anaconda.org/conda-forge/osx-arm64/pytorch-1.10.2-cpu_py39hbfdb42d_0.tar.bz2#ec11201e3205370c931fd1fbda902f8c
https://conda.anaconda.org/conda-forge/osx-arm64/scipy-1.7.3-py39h5060c3b_0.tar.bz2#d57142dec9172f161e4a768685c3446a
https://conda.anaconda.org/conda-forge/noarch/wcwidth-0.2.5-pyh9f0ad1d_2.tar.bz2#5266fcd697043c59621fda522b3d78ee
https://conda.anaconda.org/conda-forge/osx-arm64/cvxpy-base-1.1.18-py39h7f752ed_0.tar.bz2#f768b6fd15d8955cf06149cd87a6c658
https://conda.anaconda.org/conda-forge/osx-arm64/ecos-2.0.10-py39h20ef057_0.tar.bz2#8c81eca7c70213a8a781b6af30137316
https://conda.anaconda.org/conda-forge/osx-arm64/matplotlib-3.5.1-py39hdf13c20_0.tar.bz2#c0cf9001aa246517d266f786f208bbdc
https://conda.anaconda.org/conda-forge/noarch/nbclient-0.5.10-pyhd8ed1ab_1.tar.bz2#000cfe33d6fa746c5a9d1b29a79342a3
https://conda.anaconda.org/conda-forge/osx-arm64/pot-0.8.1.0-py39h7f752ed_0.tar.bz2#516c19c086326b57bc4f39cc64baff70
https://conda.anaconda.org/conda-forge/osx-arm64/pre-commit-2.17.0-py39h2804cbe_0.tar.bz2#9640fa3e477dc7ade31b5cded1c66d9f
https://conda.anaconda.org/conda-forge/noarch/prompt-toolkit-3.0.26-pyha770c72_0.tar.bz2#b728996054227a841b3b5c51db131957
https://conda.anaconda.org/conda-forge/noarch/pytest-xdist-2.5.0-pyhd8ed1ab_0.tar.bz2#1fdd1f3baccf0deb647385c677a1a48e
https://conda.anaconda.org/conda-forge/osx-arm64/qdldl-python-0.1.5-py39h7f752ed_2.tar.bz2#b79fbe2328ee9f4316a10aac6c5cbd99
https://conda.anaconda.org/conda-forge/osx-arm64/scikit-learn-1.0.2-py39hef7049f_0.tar.bz2#c26bfdda212d60c21ab0d5b18d324a7c
https://conda.anaconda.org/conda-forge/osx-arm64/scs-3.1.0-py39h56a55e8_0.tar.bz2#5248abf3d9bb822756d50cbb294b8c11
https://conda.anaconda.org/conda-forge/noarch/urllib3-1.26.8-pyhd8ed1ab_1.tar.bz2#53f1387c68c21cecb386e2cde51b3f7c
https://conda.anaconda.org/conda-forge/osx-arm64/ipython-8.0.1-py39h2804cbe_0.tar.bz2#14f1ba67a3ad84ea90aa26b35f34fba3
https://conda.anaconda.org/conda-forge/osx-arm64/nbconvert-6.4.1-py39h2804cbe_0.tar.bz2#69f45cbd60b673198f182062755e6490
https://conda.anaconda.org/conda-forge/osx-arm64/osqp-0.6.2.post0-py39h7f752ed_3.tar.bz2#dbccd937c46a51e4b0ab82f8158c76b8
https://conda.anaconda.org/conda-forge/noarch/prompt_toolkit-3.0.26-hd8ed1ab_0.tar.bz2#8727306ceb719e1def3da4d3c1c21960
https://conda.anaconda.org/conda-forge/noarch/requests-2.27.1-pyhd8ed1ab_0.tar.bz2#7c1c427246b057b8fa97200ecdb2ed62
https://conda.anaconda.org/conda-forge/osx-arm64/cvxpy-1.1.18-py39h2804cbe_0.tar.bz2#2250f35a5be1c58ec9c5692425da608e
https://conda.anaconda.org/conda-forge/osx-arm64/ipykernel-6.8.0-py39h32adebf_0.tar.bz2#2c36b30e13417006bb659c2bb06914e7
https://conda.anaconda.org/conda-forge/noarch/jupyter_server-1.13.4-pyhd8ed1ab_0.tar.bz2#70c6e1f755731d858767cb3c08c56a95
https://conda.anaconda.org/conda-forge/noarch/jupyter_console-6.4.0-pyhd8ed1ab_0.tar.bz2#ee5895aebb8104e4e087f06aae64977a
https://conda.anaconda.org/conda-forge/noarch/jupyterlab_server-2.10.3-pyhd8ed1ab_0.tar.bz2#65d62a616bed5237b85b9e2a88378ec0
https://conda.anaconda.org/conda-forge/noarch/notebook-6.4.8-pyha770c72_0.tar.bz2#87d880386179ed952a9d656faf2ff860
https://conda.anaconda.org/conda-forge/noarch/nbclassic-0.3.5-pyhd8ed1ab_0.tar.bz2#e9e2281b7dc08d876fc789af0f571ade
https://conda.anaconda.org/conda-forge/osx-arm64/widgetsnbextension-3.5.2-py39h2804cbe_1.tar.bz2#60802a4341dfc273c470741c419c7d36
https://conda.anaconda.org/conda-forge/noarch/ipywidgets-7.6.5-pyhd8ed1ab_0.tar.bz2#6f2ee1ec157104df141e2e5afeba98d4
https://conda.anaconda.org/conda-forge/noarch/jupyterlab-3.2.9-pyhd8ed1ab_0.tar.bz2#610d3fc318b6eb159483151070b301f4
https://conda.anaconda.org/conda-forge/osx-arm64/jupyter-1.0.0-py39h2804cbe_7.tar.bz2#532e119afa6c76dcf3baa448bfddc87c
https://conda.anaconda.org/conda-forge/noarch/jupyterlab-spellchecker-0.7.2-pyhd8ed1ab_0.tar.bz2#7726f52efd54ce132b7ac8cee9667a94
